
Microsoft Visual Studio Solution File, Format Version 12.00
# Visual Studio 2015
Project("{FAE04EC0-301F-11D3-BF4B-00C04F79EFBC}") = "Multiplayer Advanced Tech.CSharp.Plugins", "Multiplayer Advanced Tech.CSharp.Plugins.csproj", "{940FAA38-F845-FBD1-0E82-4610DA157F69}"
EndProject
Project("{FAE04EC0-301F-11D3-BF4B-00C04F79EFBC}") = "Multiplayer Advanced Tech.CSharp", "Multiplayer Advanced Tech.CSharp.csproj", "{3C552BE1-64C9-9671-F31D-FF79602D2404}"
EndProject
Global
	GlobalSection(SolutionConfigurationPlatforms) = preSolution
		Debug|Any CPU = Debug|Any CPU
		Release|Any CPU = Release|Any CPU
	EndGlobalSection
	GlobalSection(ProjectConfigurationPlatforms) = postSolution
		{940FAA38-F845-FBD1-0E82-4610DA157F69}.Debug|Any CPU.ActiveCfg = Debug|Any CPU
		{940FAA38-F845-FBD1-0E82-4610DA157F69}.Debug|Any CPU.Build.0 = Debug|Any CPU
		{940FAA38-F845-FBD1-0E82-4610DA157F69}.Release|Any CPU.ActiveCfg = Release|Any CPU
		{940FAA38-F845-FBD1-0E82-4610DA157F69}.Release|Any CPU.Build.0 = Release|Any CPU
		{3C552BE1-64C9-9671-F31D-FF79602D2404}.Debug|Any CPU.ActiveCfg = Debug|Any CPU
		{3C552BE1-64C9-9671-F31D-FF79602D2404}.Debug|Any CPU.Build.0 = Debug|Any CPU
		{3C552BE1-64C9-9671-F31D-FF79602D2404}.Release|Any CPU.ActiveCfg = Release|Any CPU
		{3C552BE1-64C9-9671-F31D-FF79602D2404}.Release|Any CPU.Build.0 = Release|Any CPU
	EndGlobalSection
	GlobalSection(SolutionProperties) = preSolution
		HideSolutionNode = FALSE
	EndGlobalSection
EndGlobal
